
Microsoft Visual Studio Solution File, Format Version 12.00
# Visual Studio Version 17
VisualStudioVersion = 17.3.32922.545
MinimumVisualStudioVersion = 10.0.40219.1
Project("{FAE04EC0-301F-11D3-BF4B-00C04F79EFBC}") = "GitImprov", "GitImprov\GitImprov.csproj", "{87B15AA5-6442-4535-A149-DEB9B847FB30}"
EndProject
Global
	GlobalSection(SolutionConfigurationPlatforms) = preSolution
		Debug|Any CPU = Debug|Any CPU
		Release|Any CPU = Release|Any CPU
	EndGlobalSection
	GlobalSection(ProjectConfigurationPlatforms) = postSolution
		{87B15AA5-6442-4535-A149-DEB9B847FB30}.Debug|Any CPU.ActiveCfg = Debug|Any CPU
		{87B15AA5-6442-4535-A149-DEB9B847FB30}.Debug|Any CPU.Build.0 = Debug|Any CPU
		{87B15AA5-6442-4535-A149-DEB9B847FB30}.Release|Any CPU.ActiveCfg = Release|Any CPU
		{87B15AA5-6442-4535-A149-DEB9B847FB30}.Release|Any CPU.Build.0 = Release|Any CPU
	EndGlobalSection
	GlobalSection(SolutionProperties) = preSolution
		HideSolutionNode = FALSE
	EndGlobalSection
	GlobalSection(ExtensibilityGlobals) = postSolution
		SolutionGuid = {A16E5DB0-B529-4864-A63E-C7D5A2C70671}
	EndGlobalSection
EndGlobal
